
Microsoft Visual Studio Solution File, Format Version 12.00
# Visual Studio 15
VisualStudioVersion = 15.0.27130.2027
MinimumVisualStudioVersion = 10.0.40219.1
Project("{FAE04EC0-301F-11D3-BF4B-00C04F79EFBC}") = "Life2", "Life2\Life2.csproj", "{07387E40-BBD0-4DE6-8F58-9BA4D9FA5B11}"
EndProject
Global
	GlobalSection(SolutionConfigurationPlatforms) = preSolution
		Debug|Any CPU = Debug|Any CPU
		Release|Any CPU = Release|Any CPU
	EndGlobalSection
	GlobalSection(ProjectConfigurationPlatforms) = postSolution
		{07387E40-BBD0-4DE6-8F58-9BA4D9FA5B11}.Debug|Any CPU.ActiveCfg = Debug|Any CPU
		{07387E40-BBD0-4DE6-8F58-9BA4D9FA5B11}.Debug|Any CPU.Build.0 = Debug|Any CPU
		{07387E40-BBD0-4DE6-8F58-9BA4D9FA5B11}.Release|Any CPU.ActiveCfg = Release|Any CPU
		{07387E40-BBD0-4DE6-8F58-9BA4D9FA5B11}.Release|Any CPU.Build.0 = Release|Any CPU
	EndGlobalSection
	GlobalSection(SolutionProperties) = preSolution
		HideSolutionNode = FALSE
	EndGlobalSection
	GlobalSection(ExtensibilityGlobals) = postSolution
		SolutionGuid = {F7FE0B5E-9B84-431D-BD87-13DA80F67841}
	EndGlobalSection
EndGlobal
